// !$*UTF8*$!
{
	archiveVersion = 1;
	classes = {
	};
	objectVersion = 46;
	objects = {

/* Begin PBXBuildFile section */
		A400E135192599A500A90E3D /* MLB3AutocompleteTextField.m in Sources */ = {isa = PBXBuildFile; fileRef = A400E134192599A500A90E3D /* MLB3AutocompleteTextField.m */; };
		A405A7B918F330C5003F4595 /* Localizable.strings in Resources */ = {isa = PBXBuildFile; fileRef = A405A7BB18F330C5003F4595 /* Localizable.strings */; };
		A405A7CD18F346EE003F4595 /* MLB3EditStudentViewController.m in Sources */ = {isa = PBXBuildFile; fileRef = A405A7BE18F346EE003F4595 /* MLB3EditStudentViewController.m */; };
		A405A7CE18F346EE003F4595 /* MLB3EditStudentViewController.xib in Resources */ = {isa = PBXBuildFile; fileRef = A405A7BF18F346EE003F4595 /* MLB3EditStudentViewController.xib */; };
		A405A7CF18F346EE003F4595 /* MLB3EditLessonViewController.m in Sources */ = {isa = PBXBuildFile; fileRef = A405A7C018F346EE003F4595 /* MLB3EditLessonViewController.m */; };
		A405A7D018F346EE003F4595 /* MLB3EditLessonViewController.strings in Resources */ = {isa = PBXBuildFile; fileRef = A405A7C218F346EE003F4595 /* MLB3EditLessonViewController.strings */; };
		A405A7D118F346EE003F4595 /* MLB3DetailViewController.m in Sources */ = {isa = PBXBuildFile; fileRef = A405A7C418F346EE003F4595 /* MLB3DetailViewController.m */; };
		A405A7D218F346EE003F4595 /* MLB3LessonTableViewController.m in Sources */ = {isa = PBXBuildFile; fileRef = A405A7C618F346EE003F4595 /* MLB3LessonTableViewController.m */; };
		A405A7D318F346EE003F4595 /* MLB3LessonDetailViewController.m in Sources */ = {isa = PBXBuildFile; fileRef = A405A7C818F346EE003F4595 /* MLB3LessonDetailViewController.m */; };
		A405A7D418F346EE003F4595 /* MLB3NoteViewController.m in Sources */ = {isa = PBXBuildFile; fileRef = A405A7CA18F346EE003F4595 /* MLB3NoteViewController.m */; };
		A405A7D518F346EE003F4595 /* MLB3PieceDetailViewController.m in Sources */ = {isa = PBXBuildFile; fileRef = A405A7CC18F346EE003F4595 /* MLB3PieceDetailViewController.m */; };
		A405A7DE18F34B13003F4595 /* Lesson.m in Sources */ = {isa = PBXBuildFile; fileRef = A405A7DD18F34B13003F4595 /* Lesson.m */; };
		A405A7EA18F34B14003F4595 /* Photo.m in Sources */ = {isa = PBXBuildFile; fileRef = A405A7E918F34B14003F4595 /* Photo.m */; };
		A405A7ED18F34B57003F4595 /* MLB3Store.m in Sources */ = {isa = PBXBuildFile; fileRef = A405A7EC18F34B57003F4595 /* MLB3Store.m */; };
		A405A7F018F34BBD003F4595 /* Student.m in Sources */ = {isa = PBXBuildFile; fileRef = A405A7EF18F34BBD003F4595 /* Student.m */; };
		A409DD481913DF550062F955 /* MLB3StudentTableViewCell.m in Sources */ = {isa = PBXBuildFile; fileRef = A409DD471913DF550062F955 /* MLB3StudentTableViewCell.m */; };
		A409DD4B1914692F0062F955 /* MLB3RepertoireTableViewController.m in Sources */ = {isa = PBXBuildFile; fileRef = A409DD4A1914692F0062F955 /* MLB3RepertoireTableViewController.m */; };
		A409DD4D191474490062F955 /* AVFoundation.framework in Frameworks */ = {isa = PBXBuildFile; fileRef = A409DD4C191474490062F955 /* AVFoundation.framework */; };
		A409DD501915A4520062F955 /* HeaderView.xib in Resources */ = {isa = PBXBuildFile; fileRef = A409DD521915A4520062F955 /* HeaderView.xib */; };
		A409DD591915A7E90062F955 /* MLB3SummaryViewController.m in Sources */ = {isa = PBXBuildFile; fileRef = A409DD581915A7E90062F955 /* MLB3SummaryViewController.m */; };
		A409DD5B1916D2870062F955 /* tick.caf in Resources */ = {isa = PBXBuildFile; fileRef = A409DD5A1916D2870062F955 /* tick.caf */; };
		A409DD5C1916D2870062F955 /* tick.caf in Resources */ = {isa = PBXBuildFile; fileRef = A409DD5A1916D2870062F955 /* tick.caf */; };
		A409DD5E1916E4470062F955 /* greenstar.png in Resources */ = {isa = PBXBuildFile; fileRef = A409DD5D1916E4470062F955 /* greenstar.png */; };
		A409DD5F1916E4470062F955 /* greenstar.png in Resources */ = {isa = PBXBuildFile; fileRef = A409DD5D1916E4470062F955 /* greenstar.png */; };
		A409DD611916E6E10062F955 /* goldstar.png in Resources */ = {isa = PBXBuildFile; fileRef = A409DD601916E6E10062F955 /* goldstar.png */; };
		A409DD621916E6E10062F955 /* goldstar.png in Resources */ = {isa = PBXBuildFile; fileRef = A409DD601916E6E10062F955 /* goldstar.png */; };
		A409DD641916E6EE0062F955 /* redstar.png in Resources */ = {isa = PBXBuildFile; fileRef = A409DD631916E6EE0062F955 /* redstar.png */; };
		A409DD651916E6EE0062F955 /* redstar.png in Resources */ = {isa = PBXBuildFile; fileRef = A409DD631916E6EE0062F955 /* redstar.png */; };
		A409DD671916E8370062F955 /* outlinestar.png in Resources */ = {isa = PBXBuildFile; fileRef = A409DD661916E8370062F955 /* outlinestar.png */; };
		A409DD681916E8370062F955 /* outlinestar.png in Resources */ = {isa = PBXBuildFile; fileRef = A409DD661916E8370062F955 /* outlinestar.png */; };
		A409DD6F19181B3B0062F955 /* Piece.m in Sources */ = {isa = PBXBuildFile; fileRef = A409DD6E19181B3B0062F955 /* Piece.m */; };
		A409DD7019181B3B0062F955 /* Piece.m in Sources */ = {isa = PBXBuildFile; fileRef = A409DD6E19181B3B0062F955 /* Piece.m */; };
		A41A26FA191CF8D30048F265 /* HTAutocompleteTextField.m in Sources */ = {isa = PBXBuildFile; fileRef = A41A26F7191CF8D30048F265 /* HTAutocompleteTextField.m */; };
		A41A26FB191CF8D30048F265 /* HTEmailAutocompleteTextField.m in Sources */ = {isa = PBXBuildFile; fileRef = A41A26F9191CF8D30048F265 /* HTEmailAutocompleteTextField.m */; };
		A42279B219009C2600747AD6 /* DBChooser.bundle in Resources */ = {isa = PBXBuildFile; fileRef = A42279B119009C2600747AD6 /* DBChooser.bundle */; };
		A42279B41900B02300747AD6 /* Settings.bundle in Resources */ = {isa = PBXBuildFile; fileRef = A42279B31900B02300747AD6 /* Settings.bundle */; };
		A42279B719018D8600747AD6 /* MLB3PiecesChannel.m in Sources */ = {isa = PBXBuildFile; fileRef = A42279B619018D8500747AD6 /* MLB3PiecesChannel.m */; };
		A42279BA1901EA5D00747AD6 /* MLB3PieceChannel.m in Sources */ = {isa = PBXBuildFile; fileRef = A42279B91901EA5D00747AD6 /* MLB3PieceChannel.m */; };
		A46636CC1971D9B700067C04 /* Note.m in Sources */ = {isa = PBXBuildFile; fileRef = A46636CB1971D9B700067C04 /* Note.m */; };
		A46636CE1971E2D400067C04 /* mainScreen.png in Resources */ = {isa = PBXBuildFile; fileRef = A46636CD1971E2D400067C04 /* mainScreen.png */; };
		A46636CF1971E51600067C04 /* mainScreen.png in Resources */ = {isa = PBXBuildFile; fileRef = A46636CD1971E2D400067C04 /* mainScreen.png */; };
		A46636D21971F29000067C04 /* MLB3HelpViewController.m in Sources */ = {isa = PBXBuildFile; fileRef = A46636D11971F29000067C04 /* MLB3HelpViewController.m */; };
		A46636D41971F6C300067C04 /* help1.html in Resources */ = {isa = PBXBuildFile; fileRef = A46636D31971F6C300067C04 /* help1.html */; };
		A46636D519724C3700067C04 /* help1.html in Resources */ = {isa = PBXBuildFile; fileRef = A46636D31971F6C300067C04 /* help1.html */; };
		A46636D71972BA2600067C04 /* self.jpg in Resources */ = {isa = PBXBuildFile; fileRef = A46636D61972BA2600067C04 /* self.jpg */; };
		A46636DB197A99E000067C04 /* lessontableview.png in Resources */ = {isa = PBXBuildFile; fileRef = A46636D9197A99E000067C04 /* lessontableview.png */; };
		A46636DC197A99E000067C04 /* studentview.png in Resources */ = {isa = PBXBuildFile; fileRef = A46636DA197A99E000067C04 /* studentview.png */; };
		A46636E0197A9ED400067C04 /* GTMFirstViewController.m in Sources */ = {isa = PBXBuildFile; fileRef = A46636DF197A9ED400067C04 /* GTMFirstViewController.m */; };
		A46636E3197A9EF500067C04 /* GTMPieceList.m in Sources */ = {isa = PBXBuildFile; fileRef = A46636E2197A9EF500067C04 /* GTMPieceList.m */; };
		A46636E6197AA11000067C04 /* XMLReader.m in Sources */ = {isa = PBXBuildFile; fileRef = A46636E5197AA11000067C04 /* XMLReader.m */; };
		A47017E51960845900B1A68F /* DropboxSDK.framework in Frameworks */ = {isa = PBXBuildFile; fileRef = A47017E41960845900B1A68F /* DropboxSDK.framework */; };
		A47017E61960845900B1A68F /* DropboxSDK.framework in Frameworks */ = {isa = PBXBuildFile; fileRef = A47017E41960845900B1A68F /* DropboxSDK.framework */; };
		A4D39D551969EA9B0099BE68 /* libOCMock.a in Frameworks */ = {isa = PBXBuildFile; fileRef = A4D39D541969EA9B0099BE68 /* libOCMock.a */; };
		A4FFF5BD18F2EC7200E50485 /* Foundation.framework in Frameworks */ = {isa = PBXBuildFile; fileRef = A4FFF5BC18F2EC7200E50485 /* Foundation.framework */; };
		A4FFF5BF18F2EC7200E50485 /* CoreGraphics.framework in Frameworks */ = {isa = PBXBuildFile; fileRef = A4FFF5BE18F2EC7200E50485 /* CoreGraphics.framework */; };
		A4FFF5C118F2EC7200E50485 /* UIKit.framework in Frameworks */ = {isa = PBXBuildFile; fileRef = A4FFF5C018F2EC7200E50485 /* UIKit.framework */; };
		A4FFF5C318F2EC7200E50485 /* CoreData.framework in Frameworks */ = {isa = PBXBuildFile; fileRef = A4FFF5C218F2EC7200E50485 /* CoreData.framework */; };
		A4FFF5C918F2EC7200E50485 /* InfoPlist.strings in Resources */ = {isa = PBXBuildFile; fileRef = A4FFF5C718F2EC7200E50485 /* InfoPlist.strings */; };
		A4FFF5CB18F2EC7200E50485 /* main.m in Sources */ = {isa = PBXBuildFile; fileRef = A4FFF5CA18F2EC7200E50485 /* main.m */; };
		A4FFF5CF18F2EC7200E50485 /* MLB3AppDelegate.m in Sources */ = {isa = PBXBuildFile; fileRef = A4FFF5CE18F2EC7200E50485 /* MLB3AppDelegate.m */; };
		A4FFF5D218F2EC7200E50485 /* Main_iPhone.storyboard in Resources */ = {isa = PBXBuildFile; fileRef = A4FFF5D018F2EC7200E50485 /* Main_iPhone.storyboard */; };
		A4FFF5D518F2EC7200E50485 /* Main_iPad.storyboard in Resources */ = {isa = PBXBuildFile; fileRef = A4FFF5D318F2EC7200E50485 /* Main_iPad.storyboard */; };
		A4FFF5D818F2EC7200E50485 /* MusicLessonBookIII.xcdatamodeld in Sources */ = {isa = PBXBuildFile; fileRef = A4FFF5D618F2EC7200E50485 /* MusicLessonBookIII.xcdatamodeld */; };
		A4FFF5DB18F2EC7200E50485 /* MLB3MasterViewController.m in Sources */ = {isa = PBXBuildFile; fileRef = A4FFF5DA18F2EC7200E50485 /* MLB3MasterViewController.m */; };
		A4FFF5E018F2EC7200E50485 /* Images.xcassets in Resources */ = {isa = PBXBuildFile; fileRef = A4FFF5DF18F2EC7200E50485 /* Images.xcassets */; };
		A4FFF5E718F2EC7200E50485 /* XCTest.framework in Frameworks */ = {isa = PBXBuildFile; fileRef = A4FFF5E618F2EC7200E50485 /* XCTest.framework */; };
		A4FFF5E818F2EC7200E50485 /* Foundation.framework in Frameworks */ = {isa = PBXBuildFile; fileRef = A4FFF5BC18F2EC7200E50485 /* Foundation.framework */; };
		A4FFF5E918F2EC7200E50485 /* UIKit.framework in Frameworks */ = {isa = PBXBuildFile; fileRef = A4FFF5C018F2EC7200E50485 /* UIKit.framework */; };
		A4FFF5EA18F2EC7200E50485 /* CoreData.framework in Frameworks */ = {isa = PBXBuildFile; fileRef = A4FFF5C218F2EC7200E50485 /* CoreData.framework */; };
		A4FFF5F218F2EC7200E50485 /* InfoPlist.strings in Resources */ = {isa = PBXBuildFile; fileRef = A4FFF5F018F2EC7200E50485 /* InfoPlist.strings */; };
		A4FFF5F418F2EC7300E50485 /* MusicLessonBookIIITests.m in Sources */ = {isa = PBXBuildFile; fileRef = A4FFF5F318F2EC7300E50485 /* MusicLessonBookIIITests.m */; };
/* End PBXBuildFile section */

/* Begin PBXContainerItemProxy section */
		A4FFF5EB18F2EC7200E50485 /* PBXContainerItemProxy */ = {
			isa = PBXContainerItemProxy;
			containerPortal = A4FFF5B118F2EC7100E50485 /* Project object */;
			proxyType = 1;
			remoteGlobalIDString = A4FFF5B818F2EC7100E50485;
			remoteInfo = MusicLessonBookIII;
		};
/* End PBXContainerItemProxy section */

/* Begin PBXFileReference section */
		A400E133192599A400A90E3D /* MLB3AutocompleteTextField.h */ = {isa = PBXFileReference; fileEncoding = 4; lastKnownFileType = sourcecode.c.h; path = MLB3AutocompleteTextField.h; sourceTree = "<group>"; };
		A400E134192599A500A90E3D /* MLB3AutocompleteTextField.m */ = {isa = PBXFileReference; fileEncoding = 4; lastKnownFileType = sourcecode.c.objc; path = MLB3AutocompleteTextField.m; sourceTree = "<group>"; };
		A405A7B518F33057003F4595 /* es */ = {isa = PBXFileReference; lastKnownFileType = text.plist.strings; name = es; path = es.lproj/Main_iPhone.strings; sourceTree = "<group>"; };
		A405A7B618F33057003F4595 /* es */ = {isa = PBXFileReference; lastKnownFileType = text.plist.strings; name = es; path = es.lproj/Main_iPad.strings; sourceTree = "<group>"; };
		A405A7B718F33057003F4595 /* es */ = {isa = PBXFileReference; lastKnownFileType = text.plist.strings; name = es; path = es.lproj/InfoPlist.strings; sourceTree = "<group>"; };
		A405A7B818F33057003F4595 /* es */ = {isa = PBXFileReference; lastKnownFileType = text.plist.strings; name = es; path = es.lproj/InfoPlist.strings; sourceTree = "<group>"; };
		A405A7BA18F330C5003F4595 /* en */ = {isa = PBXFileReference; lastKnownFileType = text.plist.strings; name = en; path = en.lproj/Localizable.strings; sourceTree = "<group>"; };
		A405A7BC18F330F3003F4595 /* es */ = {isa = PBXFileReference; lastKnownFileType = text.plist.strings; name = es; path = es.lproj/Localizable.strings; sourceTree = "<group>"; };
		A405A7BD18F346EE003F4595 /* MLB3EditStudentViewController.h */ = {isa = PBXFileReference; fileEncoding = 4; lastKnownFileType = sourcecode.c.h; path = MLB3EditStudentViewController.h; sourceTree = "<group>"; };
		A405A7BE18F346EE003F4595 /* MLB3EditStudentViewController.m */ = {isa = PBXFileReference; fileEncoding = 4; lastKnownFileType = sourcecode.c.objc; path = MLB3EditStudentViewController.m; sourceTree = "<group>"; };
		A405A7BF18F346EE003F4595 /* MLB3EditStudentViewController.xib */ = {isa = PBXFileReference; fileEncoding = 4; lastKnownFileType = file.xib; path = MLB3EditStudentViewController.xib; sourceTree = "<group>"; };
		A405A7C018F346EE003F4595 /* MLB3EditLessonViewController.m */ = {isa = PBXFileReference; fileEncoding = 4; lastKnownFileType = sourcecode.c.objc; path = MLB3EditLessonViewController.m; sourceTree = "<group>"; };
		A405A7C118F346EE003F4595 /* MLB3EditLessonViewController.h */ = {isa = PBXFileReference; fileEncoding = 4; lastKnownFileType = sourcecode.c.h; path = MLB3EditLessonViewController.h; sourceTree = "<group>"; };
		A405A7C218F346EE003F4595 /* MLB3EditLessonViewController.strings */ = {isa = PBXFileReference; fileEncoding = 4; lastKnownFileType = text.plist.strings; path = MLB3EditLessonViewController.strings; sourceTree = "<group>"; };
		A405A7C318F346EE003F4595 /* MLB3DetailViewController.h */ = {isa = PBXFileReference; fileEncoding = 4; lastKnownFileType = sourcecode.c.h; path = MLB3DetailViewController.h; sourceTree = "<group>"; };
		A405A7C418F346EE003F4595 /* MLB3DetailViewController.m */ = {isa = PBXFileReference; fileEncoding = 4; lastKnownFileType = sourcecode.c.objc; path = MLB3DetailViewController.m; sourceTree = "<group>"; };
		A405A7C518F346EE003F4595 /* MLB3LessonTableViewController.h */ = {isa = PBXFileReference; fileEncoding = 4; lastKnownFileType = sourcecode.c.h; path = MLB3LessonTableViewController.h; sourceTree = "<group>"; };
		A405A7C618F346EE003F4595 /* MLB3LessonTableViewController.m */ = {isa = PBXFileReference; fileEncoding = 4; lastKnownFileType = sourcecode.c.objc; path = MLB3LessonTableViewController.m; sourceTree = "<group>"; };
		A405A7C718F346EE003F4595 /* MLB3LessonDetailViewController.h */ = {isa = PBXFileReference; fileEncoding = 4; lastKnownFileType = sourcecode.c.h; path = MLB3LessonDetailViewController.h; sourceTree = "<group>"; };
		A405A7C818F346EE003F4595 /* MLB3LessonDetailViewController.m */ = {isa = PBXFileReference; fileEncoding = 4; lastKnownFileType = sourcecode.c.objc; path = MLB3LessonDetailViewController.m; sourceTree = "<group>"; };
		A405A7C918F346EE003F4595 /* MLB3NoteViewController.h */ = {isa = PBXFileReference; fileEncoding = 4; lastKnownFileType = sourcecode.c.h; path = MLB3NoteViewController.h; sourceTree = "<group>"; };
		A405A7CA18F346EE003F4595 /* MLB3NoteViewController.m */ = {isa = PBXFileReference; fileEncoding = 4; lastKnownFileType = sourcecode.c.objc; path = MLB3NoteViewController.m; sourceTree = "<group>"; };
		A405A7CB18F346EE003F4595 /* MLB3PieceDetailViewController.h */ = {isa = PBXFileReference; fileEncoding = 4; lastKnownFileType = sourcecode.c.h; path = MLB3PieceDetailViewController.h; sourceTree = "<group>"; };
		A405A7CC18F346EE003F4595 /* MLB3PieceDetailViewController.m */ = {isa = PBXFileReference; fileEncoding = 4; lastKnownFileType = sourcecode.c.objc; path = MLB3PieceDetailViewController.m; sourceTree = "<group>"; };
		A405A7DC18F34B13003F4595 /* Lesson.h */ = {isa = PBXFileReference; fileEncoding = 4; lastKnownFileType = sourcecode.c.h; path = Lesson.h; sourceTree = "<group>"; };
		A405A7DD18F34B13003F4595 /* Lesson.m */ = {isa = PBXFileReference; fileEncoding = 4; lastKnownFileType = sourcecode.c.objc; path = Lesson.m; sourceTree = "<group>"; };
		A405A7E818F34B14003F4595 /* Photo.h */ = {isa = PBXFileReference; fileEncoding = 4; lastKnownFileType = sourcecode.c.h; path = Photo.h; sourceTree = "<group>"; };
		A405A7E918F34B14003F4595 /* Photo.m */ = {isa = PBXFileReference; fileEncoding = 4; lastKnownFileType = sourcecode.c.objc; path = Photo.m; sourceTree = "<group>"; };
		A405A7EB18F34B57003F4595 /* MLB3Store.h */ = {isa = PBXFileReference; fileEncoding = 4; lastKnownFileType = sourcecode.c.h; path = MLB3Store.h; sourceTree = "<group>"; };
		A405A7EC18F34B57003F4595 /* MLB3Store.m */ = {isa = PBXFileReference; fileEncoding = 4; lastKnownFileType = sourcecode.c.objc; path = MLB3Store.m; sourceTree = "<group>"; };
		A405A7EE18F34BBD003F4595 /* Student.h */ = {isa = PBXFileReference; fileEncoding = 4; lastKnownFileType = sourcecode.c.h; path = Student.h; sourceTree = "<group>"; };
		A405A7EF18F34BBD003F4595 /* Student.m */ = {isa = PBXFileReference; fileEncoding = 4; lastKnownFileType = sourcecode.c.objc; path = Student.m; sourceTree = "<group>"; };
		A409DD461913DF550062F955 /* MLB3StudentTableViewCell.h */ = {isa = PBXFileReference; fileEncoding = 4; lastKnownFileType = sourcecode.c.h; path = MLB3StudentTableViewCell.h; sourceTree = "<group>"; };
		A409DD471913DF550062F955 /* MLB3StudentTableViewCell.m */ = {isa = PBXFileReference; fileEncoding = 4; lastKnownFileType = sourcecode.c.objc; path = MLB3StudentTableViewCell.m; sourceTree = "<group>"; };
		A409DD491914692F0062F955 /* MLB3RepertoireTableViewController.h */ = {isa = PBXFileReference; fileEncoding = 4; lastKnownFileType = sourcecode.c.h; path = MLB3RepertoireTableViewController.h; sourceTree = "<group>"; };
		A409DD4A1914692F0062F955 /* MLB3RepertoireTableViewController.m */ = {isa = PBXFileReference; fileEncoding = 4; lastKnownFileType = sourcecode.c.objc; path = MLB3RepertoireTableViewController.m; sourceTree = "<group>"; };
		A409DD4C191474490062F955 /* AVFoundation.framework */ = {isa = PBXFileReference; lastKnownFileType = wrapper.framework; name = AVFoundation.framework; path = System/Library/Frameworks/AVFoundation.framework; sourceTree = SDKROOT; };
		A409DD511915A4520062F955 /* Base */ = {isa = PBXFileReference; lastKnownFileType = file.xib; name = Base; path = Base.lproj/HeaderView.xib; sourceTree = "<group>"; };
		A409DD541915A4740062F955 /* en */ = {isa = PBXFileReference; lastKnownFileType = text.plist.strings; name = en; path = en.lproj/HeaderView.strings; sourceTree = "<group>"; };
		A409DD561915A47B0062F955 /* es */ = {isa = PBXFileReference; lastKnownFileType = text.plist.strings; name = es; path = es.lproj/HeaderView.strings; sourceTree = "<group>"; };
		A409DD571915A7E90062F955 /* MLB3SummaryViewController.h */ = {isa = PBXFileReference; fileEncoding = 4; lastKnownFileType = sourcecode.c.h; path = MLB3SummaryViewController.h; sourceTree = "<group>"; };
		A409DD581915A7E90062F955 /* MLB3SummaryViewController.m */ = {isa = PBXFileReference; fileEncoding = 4; lastKnownFileType = sourcecode.c.objc; path = MLB3SummaryViewController.m; sourceTree = "<group>"; };
		A409DD5A1916D2870062F955 /* tick.caf */ = {isa = PBXFileReference; lastKnownFileType = file; path = tick.caf; sourceTree = "<group>"; };
		A409DD5D1916E4470062F955 /* greenstar.png */ = {isa = PBXFileReference; lastKnownFileType = image.png; path = greenstar.png; sourceTree = "<group>"; };
		A409DD601916E6E10062F955 /* goldstar.png */ = {isa = PBXFileReference; lastKnownFileType = image.png; path = goldstar.png; sourceTree = "<group>"; };
		A409DD631916E6EE0062F955 /* redstar.png */ = {isa = PBXFileReference; lastKnownFileType = image.png; path = redstar.png; sourceTree = "<group>"; };
		A409DD661916E8370062F955 /* outlinestar.png */ = {isa = PBXFileReference; lastKnownFileType = image.png; path = outlinestar.png; sourceTree = "<group>"; };
		A409DD6D19181B3B0062F955 /* Piece.h */ = {isa = PBXFileReference; fileEncoding = 4; lastKnownFileType = sourcecode.c.h; path = Piece.h; sourceTree = "<group>"; };
		A409DD6E19181B3B0062F955 /* Piece.m */ = {isa = PBXFileReference; fileEncoding = 4; lastKnownFileType = sourcecode.c.objc; path = Piece.m; sourceTree = "<group>"; };
		A41A26F6191CF8D30048F265 /* HTAutocompleteTextField.h */ = {isa = PBXFileReference; fileEncoding = 4; lastKnownFileType = sourcecode.c.h; path = HTAutocompleteTextField.h; sourceTree = "<group>"; };
		A41A26F7191CF8D30048F265 /* HTAutocompleteTextField.m */ = {isa = PBXFileReference; fileEncoding = 4; lastKnownFileType = sourcecode.c.objc; path = HTAutocompleteTextField.m; sourceTree = "<group>"; };
		A41A26F8191CF8D30048F265 /* HTEmailAutocompleteTextField.h */ = {isa = PBXFileReference; fileEncoding = 4; lastKnownFileType = sourcecode.c.h; path = HTEmailAutocompleteTextField.h; sourceTree = "<group>"; };
		A41A26F9191CF8D30048F265 /* HTEmailAutocompleteTextField.m */ = {isa = PBXFileReference; fileEncoding = 4; lastKnownFileType = sourcecode.c.objc; path = HTEmailAutocompleteTextField.m; sourceTree = "<group>"; };
		A42279B119009C2600747AD6 /* DBChooser.bundle */ = {isa = PBXFileReference; lastKnownFileType = "wrapper.plug-in"; path = DBChooser.bundle; sourceTree = "<group>"; };
		A42279B31900B02300747AD6 /* Settings.bundle */ = {isa = PBXFileReference; lastKnownFileType = "wrapper.plug-in"; path = Settings.bundle; sourceTree = "<group>"; };
		A42279B519018D8500747AD6 /* MLB3PiecesChannel.h */ = {isa = PBXFileReference; fileEncoding = 4; lastKnownFileType = sourcecode.c.h; path = MLB3PiecesChannel.h; sourceTree = "<group>"; };
		A42279B619018D8500747AD6 /* MLB3PiecesChannel.m */ = {isa = PBXFileReference; fileEncoding = 4; lastKnownFileType = sourcecode.c.objc; path = MLB3PiecesChannel.m; sourceTree = "<group>"; };
		A42279B81901EA5D00747AD6 /* MLB3PieceChannel.h */ = {isa = PBXFileReference; fileEncoding = 4; lastKnownFileType = sourcecode.c.h; path = MLB3PieceChannel.h; sourceTree = "<group>"; };
		A42279B91901EA5D00747AD6 /* MLB3PieceChannel.m */ = {isa = PBXFileReference; fileEncoding = 4; lastKnownFileType = sourcecode.c.objc; path = MLB3PieceChannel.m; sourceTree = "<group>"; };
		A46636CA1971D9B700067C04 /* Note.h */ = {isa = PBXFileReference; fileEncoding = 4; lastKnownFileType = sourcecode.c.h; path = Note.h; sourceTree = "<group>"; };
		A46636CB1971D9B700067C04 /* Note.m */ = {isa = PBXFileReference; fileEncoding = 4; lastKnownFileType = sourcecode.c.objc; path = Note.m; sourceTree = "<group>"; };
		A46636CD1971E2D400067C04 /* mainScreen.png */ = {isa = PBXFileReference; lastKnownFileType = image.png; path = mainScreen.png; sourceTree = "<group>"; };
		A46636D01971F29000067C04 /* MLB3HelpViewController.h */ = {isa = PBXFileReference; fileEncoding = 4; lastKnownFileType = sourcecode.c.h; name = MLB3HelpViewController.h; path = ../MLB3HelpViewController.h; sourceTree = "<group>"; };
		A46636D11971F29000067C04 /* MLB3HelpViewController.m */ = {isa = PBXFileReference; fileEncoding = 4; lastKnownFileType = sourcecode.c.objc; name = MLB3HelpViewController.m; path = ../MLB3HelpViewController.m; sourceTree = "<group>"; };
		A46636D31971F6C300067C04 /* help1.html */ = {isa = PBXFileReference; fileEncoding = 4; lastKnownFileType = text.html; path = help1.html; sourceTree = "<group>"; };
		A46636D61972BA2600067C04 /* self.jpg */ = {isa = PBXFileReference; lastKnownFileType = image.jpeg; path = self.jpg; sourceTree = "<group>"; };
		A46636D81974A2E200067C04 /* MusicLessonBookIII.entitlements */ = {isa = PBXFileReference; lastKnownFileType = text.xml; path = MusicLessonBookIII.entitlements; sourceTree = "<group>"; };
		A46636D9197A99E000067C04 /* lessontableview.png */ = {isa = PBXFileReference; lastKnownFileType = image.png; path = lessontableview.png; sourceTree = "<group>"; };
		A46636DA197A99E000067C04 /* studentview.png */ = {isa = PBXFileReference; lastKnownFileType = image.png; path = studentview.png; sourceTree = "<group>"; };
		A46636DE197A9ED400067C04 /* GTMFirstViewController.h */ = {isa = PBXFileReference; fileEncoding = 4; lastKnownFileType = sourcecode.c.h; path = GTMFirstViewController.h; sourceTree = "<group>"; };
		A46636DF197A9ED400067C04 /* GTMFirstViewController.m */ = {isa = PBXFileReference; fileEncoding = 4; lastKnownFileType = sourcecode.c.objc; path = GTMFirstViewController.m; sourceTree = "<group>"; };
		A46636E1197A9EF500067C04 /* GTMPieceList.h */ = {isa = PBXFileReference; fileEncoding = 4; lastKnownFileType = sourcecode.c.h; path = GTMPieceList.h; sourceTree = "<group>"; };
		A46636E2197A9EF500067C04 /* GTMPieceList.m */ = {isa = PBXFileReference; fileEncoding = 4; lastKnownFileType = sourcecode.c.objc; path = GTMPieceList.m; sourceTree = "<group>"; };
		A46636E4197AA11000067C04 /* XMLReader.h */ = {isa = PBXFileReference; fileEncoding = 4; lastKnownFileType = sourcecode.c.h; path = XMLReader.h; sourceTree = "<group>"; };
		A46636E5197AA11000067C04 /* XMLReader.m */ = {isa = PBXFileReference; fileEncoding = 4; lastKnownFileType = sourcecode.c.objc; path = XMLReader.m; sourceTree = "<group>"; };
		A46636E7197AA13200067C04 /* constants.h */ = {isa = PBXFileReference; fileEncoding = 4; lastKnownFileType = sourcecode.c.h; path = constants.h; sourceTree = "<group>"; };
		A47017E41960845900B1A68F /* DropboxSDK.framework */ = {isa = PBXFileReference; lastKnownFileType = wrapper.framework; path = DropboxSDK.framework; sourceTree = "<group>"; };
		A4D39D541969EA9B0099BE68 /* libOCMock.a */ = {isa = PBXFileReference; lastKnownFileType = archive.ar; name = libOCMock.a; path = ../MusicLessonBookIII/libOCMock.a; sourceTree = "<group>"; };
		A4D39D571969EABA0099BE68 /* NSNotificationCenter+OCMAdditions.h */ = {isa = PBXFileReference; fileEncoding = 4; lastKnownFileType = sourcecode.c.h; path = "NSNotificationCenter+OCMAdditions.h"; sourceTree = "<group>"; };
		A4D39D581969EABA0099BE68 /* OCMArg.h */ = {isa = PBXFileReference; fileEncoding = 4; lastKnownFileType = sourcecode.c.h; path = OCMArg.h; sourceTree = "<group>"; };
		A4D39D591969EABA0099BE68 /* OCMConstraint.h */ = {isa = PBXFileReference; fileEncoding = 4; lastKnownFileType = sourcecode.c.h; path = OCMConstraint.h; sourceTree = "<group>"; };
		A4D39D5A1969EABA0099BE68 /* OCMLocation.h */ = {isa = PBXFileReference; fileEncoding = 4; lastKnownFileType = sourcecode.c.h; path = OCMLocation.h; sourceTree = "<group>"; };
		A4D39D5B1969EABA0099BE68 /* OCMMacroState.h */ = {isa = PBXFileReference; fileEncoding = 4; lastKnownFileType = sourcecode.c.h; path = OCMMacroState.h; sourceTree = "<group>"; };
		A4D39D5C1969EABA0099BE68 /* OCMock.h */ = {isa = PBXFileReference; fileEncoding = 4; lastKnownFileType = sourcecode.c.h; path = OCMock.h; sourceTree = "<group>"; };
		A4D39D5D1969EABA0099BE68 /* OCMockObject.h */ = {isa = PBXFileReference; fileEncoding = 4; lastKnownFileType = sourcecode.c.h; path = OCMockObject.h; sourceTree = "<group>"; };
		A4D39D5E1969EABA0099BE68 /* OCMRecorder.h */ = {isa = PBXFileReference; fileEncoding = 4; lastKnownFileType = sourcecode.c.h; path = OCMRecorder.h; sourceTree = "<group>"; };
		A4D39D5F1969EABA0099BE68 /* OCMStubRecorder.h */ = {isa = PBXFileReference; fileEncoding = 4; lastKnownFileType = sourcecode.c.h; path = OCMStubRecorder.h; sourceTree = "<group>"; };
		A4FFF5B918F2EC7100E50485 /* MusicLessonBookIII.app */ = {isa = PBXFileReference; explicitFileType = wrapper.application; includeInIndex = 0; path = MusicLessonBookIII.app; sourceTree = BUILT_PRODUCTS_DIR; };
		A4FFF5BC18F2EC7200E50485 /* Foundation.framework */ = {isa = PBXFileReference; lastKnownFileType = wrapper.framework; name = Foundation.framework; path = System/Library/Frameworks/Foundation.framework; sourceTree = SDKROOT; };
		A4FFF5BE18F2EC7200E50485 /* CoreGraphics.framework */ = {isa = PBXFileReference; lastKnownFileType = wrapper.framework; name = CoreGraphics.framework; path = System/Library/Frameworks/CoreGraphics.framework; sourceTree = SDKROOT; };
		A4FFF5C018F2EC7200E50485 /* UIKit.framework */ = {isa = PBXFileReference; lastKnownFileType = wrapper.framework; name = UIKit.framework; path = System/Library/Frameworks/UIKit.framework; sourceTree = SDKROOT; };
		A4FFF5C218F2EC7200E50485 /* CoreData.framework */ = {isa = PBXFileReference; lastKnownFileType = wrapper.framework; name = CoreData.framework; path = System/Library/Frameworks/CoreData.framework; sourceTree = SDKROOT; };
		A4FFF5C618F2EC7200E50485 /* MusicLessonBookIII-Info.plist */ = {isa = PBXFileReference; lastKnownFileType = text.plist.xml; path = "MusicLessonBookIII-Info.plist"; sourceTree = "<group>"; };
		A4FFF5C818F2EC7200E50485 /* en */ = {isa = PBXFileReference; lastKnownFileType = text.plist.strings; name = en; path = en.lproj/InfoPlist.strings; sourceTree = "<group>"; };
		A4FFF5CA18F2EC7200E50485 /* main.m */ = {isa = PBXFileReference; lastKnownFileType = sourcecode.c.objc; path = main.m; sourceTree = "<group>"; };
		A4FFF5CC18F2EC7200E50485 /* MusicLessonBookIII-Prefix.pch */ = {isa = PBXFileReference; lastKnownFileType = sourcecode.c.h; path = "MusicLessonBookIII-Prefix.pch"; sourceTree = "<group>"; };
		A4FFF5CD18F2EC7200E50485 /* MLB3AppDelegate.h */ = {isa = PBXFileReference; lastKnownFileType = sourcecode.c.h; path = MLB3AppDelegate.h; sourceTree = "<group>"; };
		A4FFF5CE18F2EC7200E50485 /* MLB3AppDelegate.m */ = {isa = PBXFileReference; lastKnownFileType = sourcecode.c.objc; path = MLB3AppDelegate.m; sourceTree = "<group>"; };
		A4FFF5D118F2EC7200E50485 /* Base */ = {isa = PBXFileReference; lastKnownFileType = file.storyboard; name = Base; path = Base.lproj/Main_iPhone.storyboard; sourceTree = "<group>"; };
		A4FFF5D418F2EC7200E50485 /* Base */ = {isa = PBXFileReference; lastKnownFileType = file.storyboard; name = Base; path = Base.lproj/Main_iPad.storyboard; sourceTree = "<group>"; };
		A4FFF5D718F2EC7200E50485 /* MusicLessonBookIII.xcdatamodel */ = {isa = PBXFileReference; lastKnownFileType = wrapper.xcdatamodel; path = MusicLessonBookIII.xcdatamodel; sourceTree = "<group>"; };
		A4FFF5D918F2EC7200E50485 /* MLB3MasterViewController.h */ = {isa = PBXFileReference; lastKnownFileType = sourcecode.c.h; path = MLB3MasterViewController.h; sourceTree = "<group>"; };
		A4FFF5DA18F2EC7200E50485 /* MLB3MasterViewController.m */ = {isa = PBXFileReference; lastKnownFileType = sourcecode.c.objc; path = MLB3MasterViewController.m; sourceTree = "<group>"; };
		A4FFF5DF18F2EC7200E50485 /* Images.xcassets */ = {isa = PBXFileReference; lastKnownFileType = folder.assetcatalog; path = Images.xcassets; sourceTree = "<group>"; };
		A4FFF5E518F2EC7200E50485 /* MusicLessonBookIIITests.xctest */ = {isa = PBXFileReference; explicitFileType = wrapper.cfbundle; includeInIndex = 0; path = MusicLessonBookIIITests.xctest; sourceTree = BUILT_PRODUCTS_DIR; };
		A4FFF5E618F2EC7200E50485 /* XCTest.framework */ = {isa = PBXFileReference; lastKnownFileType = wrapper.framework; name = XCTest.framework; path = Library/Frameworks/XCTest.framework; sourceTree = DEVELOPER_DIR; };
		A4FFF5EF18F2EC7200E50485 /* MusicLessonBookIIITests-Info.plist */ = {isa = PBXFileReference; lastKnownFileType = text.plist.xml; path = "MusicLessonBookIIITests-Info.plist"; sourceTree = "<group>"; };
		A4FFF5F118F2EC7200E50485 /* en */ = {isa = PBXFileReference; lastKnownFileType = text.plist.strings; name = en; path = en.lproj/InfoPlist.strings; sourceTree = "<group>"; };
		A4FFF5F318F2EC7300E50485 /* MusicLessonBookIIITests.m */ = {isa = PBXFileReference; lastKnownFileType = sourcecode.c.objc; path = MusicLessonBookIIITests.m; sourceTree = "<group>"; };
/* End PBXFileReference section */

/* Begin PBXFrameworksBuildPhase section */
		A4FFF5B618F2EC7100E50485 /* Frameworks */ = {
			isa = PBXFrameworksBuildPhase;
			buildActionMask = 2147483647;
			files = (
				A47017E51960845900B1A68F /* DropboxSDK.framework in Frameworks */,
				A409DD4D191474490062F955 /* AVFoundation.framework in Frameworks */,
				A4FFF5BF18F2EC7200E50485 /* CoreGraphics.framework in Frameworks */,
				A4FFF5C318F2EC7200E50485 /* CoreData.framework in Frameworks */,
				A4FFF5C118F2EC7200E50485 /* UIKit.framework in Frameworks */,
				A4FFF5BD18F2EC7200E50485 /* Foundation.framework in Frameworks */,
			);
			runOnlyForDeploymentPostprocessing = 0;
		};
		A4FFF5E218F2EC7200E50485 /* Frameworks */ = {
			isa = PBXFrameworksBuildPhase;
			buildActionMask = 2147483647;
			files = (
				A4FFF5E718F2EC7200E50485 /* XCTest.framework in Frameworks */,
				A4FFF5EA18F2EC7200E50485 /* CoreData.framework in Frameworks */,
				A4FFF5E918F2EC7200E50485 /* UIKit.framework in Frameworks */,
				A4D39D551969EA9B0099BE68 /* libOCMock.a in Frameworks */,
				A47017E61960845900B1A68F /* DropboxSDK.framework in Frameworks */,
				A4FFF5E818F2EC7200E50485 /* Foundation.framework in Frameworks */,
			);
			runOnlyForDeploymentPostprocessing = 0;
		};
/* End PBXFrameworksBuildPhase section */

/* Begin PBXGroup section */
		A46636DD197A9A0100067C04 /* help files */ = {
			isa = PBXGroup;
			children = (
				A46636D31971F6C300067C04 /* help1.html */,
				A46636CD1971E2D400067C04 /* mainScreen.png */,
				A46636D9197A99E000067C04 /* lessontableview.png */,
				A46636DA197A99E000067C04 /* studentview.png */,
			);
			name = "help files";
			sourceTree = "<group>";
		};
		A4D39D561969EABA0099BE68 /* OCMock */ = {
			isa = PBXGroup;
			children = (
				A4D39D571969EABA0099BE68 /* NSNotificationCenter+OCMAdditions.h */,
				A4D39D581969EABA0099BE68 /* OCMArg.h */,
				A4D39D591969EABA0099BE68 /* OCMConstraint.h */,
				A4D39D5A1969EABA0099BE68 /* OCMLocation.h */,
				A4D39D5B1969EABA0099BE68 /* OCMMacroState.h */,
				A4D39D5C1969EABA0099BE68 /* OCMock.h */,
				A4D39D5D1969EABA0099BE68 /* OCMockObject.h */,
				A4D39D5E1969EABA0099BE68 /* OCMRecorder.h */,
				A4D39D5F1969EABA0099BE68 /* OCMStubRecorder.h */,
			);
			path = OCMock;
			sourceTree = "<group>";
		};
		A4FFF5B018F2EC7100E50485 = {
			isa = PBXGroup;
			children = (
				A4FFF5C418F2EC7200E50485 /* MusicLessonBookIII */,
				A4FFF5ED18F2EC7200E50485 /* MusicLessonBookIIITests */,
				A4FFF5BB18F2EC7200E50485 /* Frameworks */,
				A4FFF5BA18F2EC7100E50485 /* Products */,
			);
			sourceTree = "<group>";
		};
		A4FFF5BA18F2EC7100E50485 /* Products */ = {
			isa = PBXGroup;
			children = (
				A4FFF5B918F2EC7100E50485 /* MusicLessonBookIII.app */,
				A4FFF5E518F2EC7200E50485 /* MusicLessonBookIIITests.xctest */,
			);
			name = Products;
			sourceTree = "<group>";
		};
		A4FFF5BB18F2EC7200E50485 /* Frameworks */ = {
			isa = PBXGroup;
			children = (
				A47017E41960845900B1A68F /* DropboxSDK.framework */,
				A409DD4C191474490062F955 /* AVFoundation.framework */,
				A4FFF5BC18F2EC7200E50485 /* Foundation.framework */,
				A4FFF5BE18F2EC7200E50485 /* CoreGraphics.framework */,
				A4FFF5C018F2EC7200E50485 /* UIKit.framework */,
				A4FFF5C218F2EC7200E50485 /* CoreData.framework */,
				A4FFF5E618F2EC7200E50485 /* XCTest.framework */,
			);
			name = Frameworks;
			sourceTree = "<group>";
		};
		A4FFF5C418F2EC7200E50485 /* MusicLessonBookIII */ = {
			isa = PBXGroup;
			children = (
				A46636DD197A9A0100067C04 /* help files */,
				A46636D81974A2E200067C04 /* MusicLessonBookIII.entitlements */,
				A409DD5A1916D2870062F955 /* tick.caf */,
				A46636D61972BA2600067C04 /* self.jpg */,
				A41A26F6191CF8D30048F265 /* HTAutocompleteTextField.h */,
				A41A26F7191CF8D30048F265 /* HTAutocompleteTextField.m */,
				A400E133192599A400A90E3D /* MLB3AutocompleteTextField.h */,
				A400E134192599A500A90E3D /* MLB3AutocompleteTextField.m */,
				A41A26F8191CF8D30048F265 /* HTEmailAutocompleteTextField.h */,
				A41A26F9191CF8D30048F265 /* HTEmailAutocompleteTextField.m */,
				A409DD601916E6E10062F955 /* goldstar.png */,
				A409DD631916E6EE0062F955 /* redstar.png */,
				A409DD5D1916E4470062F955 /* greenstar.png */,
				A409DD661916E8370062F955 /* outlinestar.png */,
				A4FFF5CD18F2EC7200E50485 /* MLB3AppDelegate.h */,
				A4FFF5CE18F2EC7200E50485 /* MLB3AppDelegate.m */,
				A405A7BB18F330C5003F4595 /* Localizable.strings */,
				A409DD571915A7E90062F955 /* MLB3SummaryViewController.h */,
				A409DD581915A7E90062F955 /* MLB3SummaryViewController.m */,
				A409DD491914692F0062F955 /* MLB3RepertoireTableViewController.h */,
				A409DD4A1914692F0062F955 /* MLB3RepertoireTableViewController.m */,
				A409DD521915A4520062F955 /* HeaderView.xib */,
				A4FFF5D018F2EC7200E50485 /* Main_iPhone.storyboard */,
				A4FFF5D318F2EC7200E50485 /* Main_iPad.storyboard */,
				A46636DE197A9ED400067C04 /* GTMFirstViewController.h */,
				A46636DF197A9ED400067C04 /* GTMFirstViewController.m */,
				A46636E1197A9EF500067C04 /* GTMPieceList.h */,
				A46636E2197A9EF500067C04 /* GTMPieceList.m */,
				A46636E7197AA13200067C04 /* constants.h */,
				A46636E4197AA11000067C04 /* XMLReader.h */,
				A46636E5197AA11000067C04 /* XMLReader.m */,
				A4FFF5D918F2EC7200E50485 /* MLB3MasterViewController.h */,
				A4FFF5DA18F2EC7200E50485 /* MLB3MasterViewController.m */,
				A409DD461913DF550062F955 /* MLB3StudentTableViewCell.h */,
				A409DD471913DF550062F955 /* MLB3StudentTableViewCell.m */,
				A405A7C318F346EE003F4595 /* MLB3DetailViewController.h */,
				A405A7C418F346EE003F4595 /* MLB3DetailViewController.m */,
				A46636D01971F29000067C04 /* MLB3HelpViewController.h */,
				A46636D11971F29000067C04 /* MLB3HelpViewController.m */,
				A405A7C518F346EE003F4595 /* MLB3LessonTableViewController.h */,
				A405A7C618F346EE003F4595 /* MLB3LessonTableViewController.m */,
				A405A7BD18F346EE003F4595 /* MLB3EditStudentViewController.h */,
				A405A7BE18F346EE003F4595 /* MLB3EditStudentViewController.m */,
				A405A7BF18F346EE003F4595 /* MLB3EditStudentViewController.xib */,
				A405A7C018F346EE003F4595 /* MLB3EditLessonViewController.m */,
				A405A7C118F346EE003F4595 /* MLB3EditLessonViewController.h */,
				A405A7C218F346EE003F4595 /* MLB3EditLessonViewController.strings */,
				A405A7C718F346EE003F4595 /* MLB3LessonDetailViewController.h */,
				A405A7C818F346EE003F4595 /* MLB3LessonDetailViewController.m */,
				A405A7C918F346EE003F4595 /* MLB3NoteViewController.h */,
				A405A7CA18F346EE003F4595 /* MLB3NoteViewController.m */,
				A405A7CB18F346EE003F4595 /* MLB3PieceDetailViewController.h */,
				A405A7CC18F346EE003F4595 /* MLB3PieceDetailViewController.m */,
				A405A7EB18F34B57003F4595 /* MLB3Store.h */,
				A405A7EC18F34B57003F4595 /* MLB3Store.m */,
				A42279B81901EA5D00747AD6 /* MLB3PieceChannel.h */,
				A42279B91901EA5D00747AD6 /* MLB3PieceChannel.m */,
				A42279B519018D8500747AD6 /* MLB3PiecesChannel.h */,
				A42279B619018D8500747AD6 /* MLB3PiecesChannel.m */,
				A42279B31900B02300747AD6 /* Settings.bundle */,
				A4FFF5DF18F2EC7200E50485 /* Images.xcassets */,
				A405A7DC18F34B13003F4595 /* Lesson.h */,
				A405A7E818F34B14003F4595 /* Photo.h */,
				A405A7E918F34B14003F4595 /* Photo.m */,
				A405A7DD18F34B13003F4595 /* Lesson.m */,
				A4FFF5D618F2EC7200E50485 /* MusicLessonBookIII.xcdatamodeld */,
				A46636CA1971D9B700067C04 /* Note.h */,
				A46636CB1971D9B700067C04 /* Note.m */,
				A409DD6D19181B3B0062F955 /* Piece.h */,
				A409DD6E19181B3B0062F955 /* Piece.m */,
				A405A7EE18F34BBD003F4595 /* Student.h */,
				A405A7EF18F34BBD003F4595 /* Student.m */,
				A42279B119009C2600747AD6 /* DBChooser.bundle */,
				A4FFF5C518F2EC7200E50485 /* Supporting Files */,
			);
			path = MusicLessonBookIII;
			sourceTree = "<group>";
		};
		A4FFF5C518F2EC7200E50485 /* Supporting Files */ = {
			isa = PBXGroup;
			children = (
				A4FFF5C618F2EC7200E50485 /* MusicLessonBookIII-Info.plist */,
				A4FFF5C718F2EC7200E50485 /* InfoPlist.strings */,
				A4FFF5CA18F2EC7200E50485 /* main.m */,
				A4FFF5CC18F2EC7200E50485 /* MusicLessonBookIII-Prefix.pch */,
			);
			name = "Supporting Files";
			sourceTree = "<group>";
		};
		A4FFF5ED18F2EC7200E50485 /* MusicLessonBookIIITests */ = {
			isa = PBXGroup;
			children = (
				A4FFF5F318F2EC7300E50485 /* MusicLessonBookIIITests.m */,
				A4D39D561969EABA0099BE68 /* OCMock */,
				A4FFF5EE18F2EC7200E50485 /* Supporting Files */,
			);
			path = MusicLessonBookIIITests;
			sourceTree = "<group>";
		};
		A4FFF5EE18F2EC7200E50485 /* Supporting Files */ = {
			isa = PBXGroup;
			children = (
				A4D39D541969EA9B0099BE68 /* libOCMock.a */,
				A4FFF5EF18F2EC7200E50485 /* MusicLessonBookIIITests-Info.plist */,
				A4FFF5F018F2EC7200E50485 /* InfoPlist.strings */,
			);
			name = "Supporting Files";
			sourceTree = "<group>";
		};
/* End PBXGroup section */

/* Begin PBXNativeTarget section */
		A4FFF5B818F2EC7100E50485 /* MusicLessonBookIII */ = {
			isa = PBXNativeTarget;
			buildConfigurationList = A4FFF5F718F2EC7300E50485 /* Build configuration list for PBXNativeTarget "MusicLessonBookIII" */;
			buildPhases = (
				A4FFF5B518F2EC7100E50485 /* Sources */,
				A4FFF5B618F2EC7100E50485 /* Frameworks */,
				A4FFF5B718F2EC7100E50485 /* Resources */,
			);
			buildRules = (
			);
			dependencies = (
			);
			name = MusicLessonBookIII;
			productName = MusicLessonBookIII;
			productReference = A4FFF5B918F2EC7100E50485 /* MusicLessonBookIII.app */;
			productType = "com.apple.product-type.application";
		};
		A4FFF5E418F2EC7200E50485 /* MusicLessonBookIIITests */ = {
			isa = PBXNativeTarget;
			buildConfigurationList = A4FFF5FA18F2EC7300E50485 /* Build configuration list for PBXNativeTarget "MusicLessonBookIIITests" */;
			buildPhases = (
				A4FFF5E118F2EC7200E50485 /* Sources */,
				A4FFF5E218F2EC7200E50485 /* Frameworks */,
				A4FFF5E318F2EC7200E50485 /* Resources */,
			);
			buildRules = (
			);
			dependencies = (
				A4FFF5EC18F2EC7200E50485 /* PBXTargetDependency */,
			);
			name = MusicLessonBookIIITests;
			productName = MusicLessonBookIIITests;
			productReference = A4FFF5E518F2EC7200E50485 /* MusicLessonBookIIITests.xctest */;
			productType = "com.apple.product-type.bundle.unit-test";
		};
/* End PBXNativeTarget section */

/* Begin PBXProject section */
		A4FFF5B118F2EC7100E50485 /* Project object */ = {
			isa = PBXProject;
			attributes = {
				CLASSPREFIX = MLB3;
				LastUpgradeCheck = 0510;
				ORGANIZATIONNAME = "Michael Toth";
				TargetAttributes = {
					A4FFF5B818F2EC7100E50485 = {
						DevelopmentTeam = 9E7Y9QZC52;
						SystemCapabilities = {
							com.apple.iCloud = {
								enabled = 1;
							};
						};
					};
					A4FFF5E418F2EC7200E50485 = {
						TestTargetID = A4FFF5B818F2EC7100E50485;
					};
				};
			};
			buildConfigurationList = A4FFF5B418F2EC7100E50485 /* Build configuration list for PBXProject "MusicLessonBookIII" */;
			compatibilityVersion = "Xcode 3.2";
			developmentRegion = English;
			hasScannedForEncodings = 0;
			knownRegions = (
				en,
				Base,
				es,
			);
			mainGroup = A4FFF5B018F2EC7100E50485;
			productRefGroup = A4FFF5BA18F2EC7100E50485 /* Products */;
			projectDirPath = "";
			projectRoot = "";
			targets = (
				A4FFF5B818F2EC7100E50485 /* MusicLessonBookIII */,
				A4FFF5E418F2EC7200E50485 /* MusicLessonBookIIITests */,
			);
		};
/* End PBXProject section */

/* Begin PBXResourcesBuildPhase section */
		A4FFF5B718F2EC7100E50485 /* Resources */ = {
			isa = PBXResourcesBuildPhase;
			buildActionMask = 2147483647;
			files = (
				A405A7B918F330C5003F4595 /* Localizable.strings in Resources */,
				A409DD501915A4520062F955 /* HeaderView.xib in Resources */,
				A42279B219009C2600747AD6 /* DBChooser.bundle in Resources */,
				A409DD5B1916D2870062F955 /* tick.caf in Resources */,
				A4FFF5D518F2EC7200E50485 /* Main_iPad.storyboard in Resources */,
				A405A7D018F346EE003F4595 /* MLB3EditLessonViewController.strings in Resources */,
				A46636CE1971E2D400067C04 /* mainScreen.png in Resources */,
				A405A7CE18F346EE003F4595 /* MLB3EditStudentViewController.xib in Resources */,
				A4FFF5E018F2EC7200E50485 /* Images.xcassets in Resources */,
				A409DD611916E6E10062F955 /* goldstar.png in Resources */,
				A4FFF5D218F2EC7200E50485 /* Main_iPhone.storyboard in Resources */,
				A42279B41900B02300747AD6 /* Settings.bundle in Resources */,
				A46636DB197A99E000067C04 /* lessontableview.png in Resources */,
				A46636D41971F6C300067C04 /* help1.html in Resources */,
				A46636D71972BA2600067C04 /* self.jpg in Resources */,
				A409DD641916E6EE0062F955 /* redstar.png in Resources */,
				A46636DC197A99E000067C04 /* studentview.png in Resources */,
				A4FFF5C918F2EC7200E50485 /* InfoPlist.strings in Resources */,
				A409DD671916E8370062F955 /* outlinestar.png in Resources */,
				A409DD5E1916E4470062F955 /* greenstar.png in Resources */,
			);
			runOnlyForDeploymentPostprocessing = 0;
		};
		A4FFF5E318F2EC7200E50485 /* Resources */ = {
			isa = PBXResourcesBuildPhase;
			buildActionMask = 2147483647;
			files = (
				A46636D519724C3700067C04 /* help1.html in Resources */,
				A46636CF1971E51600067C04 /* mainScreen.png in Resources */,
				A409DD651916E6EE0062F955 /* redstar.png in Resources */,
				A4FFF5F218F2EC7200E50485 /* InfoPlist.strings in Resources */,
				A409DD5C1916D2870062F955 /* tick.caf in Resources */,
				A409DD5F1916E4470062F955 /* greenstar.png in Resources */,
				A409DD681916E8370062F955 /* outlinestar.png in Resources */,
				A409DD621916E6E10062F955 /* goldstar.png in Resources */,
			);
			runOnlyForDeploymentPostprocessing = 0;
		};
/* End PBXResourcesBuildPhase section */

/* Begin PBXSourcesBuildPhase section */
		A4FFF5B518F2EC7100E50485 /* Sources */ = {
			isa = PBXSourcesBuildPhase;
			buildActionMask = 2147483647;
			files = (
				A46636CC1971D9B700067C04 /* Note.m in Sources */,
				A41A26FA191CF8D30048F265 /* HTAutocompleteTextField.m in Sources */,
				A409DD6F19181B3B0062F955 /* Piece.m in Sources */,
				A405A7CD18F346EE003F4595 /* MLB3EditStudentViewController.m in Sources */,
				A409DD4B1914692F0062F955 /* MLB3RepertoireTableViewController.m in Sources */,
				A405A7DE18F34B13003F4595 /* Lesson.m in Sources */,
				A405A7F018F34BBD003F4595 /* Student.m in Sources */,
				A46636D21971F29000067C04 /* MLB3HelpViewController.m in Sources */,
				A4FFF5D818F2EC7200E50485 /* MusicLessonBookIII.xcdatamodeld in Sources */,
				A400E135192599A500A90E3D /* MLB3AutocompleteTextField.m in Sources */,
				A4FFF5CF18F2EC7200E50485 /* MLB3AppDelegate.m in Sources */,
				A46636E6197AA11000067C04 /* XMLReader.m in Sources */,
				A41A26FB191CF8D30048F265 /* HTEmailAutocompleteTextField.m in Sources */,
				A405A7D218F346EE003F4595 /* MLB3LessonTableViewController.m in Sources */,
				A42279B719018D8600747AD6 /* MLB3PiecesChannel.m in Sources */,
				A4FFF5DB18F2EC7200E50485 /* MLB3MasterViewController.m in Sources */,
				A409DD481913DF550062F955 /* MLB3StudentTableViewCell.m in Sources */,
				A405A7D318F346EE003F4595 /* MLB3LessonDetailViewController.m in Sources */,
				A405A7D418F346EE003F4595 /* MLB3NoteViewController.m in Sources */,
				A405A7ED18F34B57003F4595 /* MLB3Store.m in Sources */,
				A405A7D518F346EE003F4595 /* MLB3PieceDetailViewController.m in Sources */,
				A405A7CF18F346EE003F4595 /* MLB3EditLessonViewController.m in Sources */,
				A42279BA1901EA5D00747AD6 /* MLB3PieceChannel.m in Sources */,
				A405A7EA18F34B14003F4595 /* Photo.m in Sources */,
				A409DD591915A7E90062F955 /* MLB3SummaryViewController.m in Sources */,
				A4FFF5CB18F2EC7200E50485 /* main.m in Sources */,
				A405A7D118F346EE003F4595 /* MLB3DetailViewController.m in Sources */,
				A46636E0197A9ED400067C04 /* GTMFirstViewController.m in Sources */,
				A46636E3197A9EF500067C04 /* GTMPieceList.m in Sources */,
			);
			runOnlyForDeploymentPostprocessing = 0;
		};
		A4FFF5E118F2EC7200E50485 /* Sources */ = {
			isa = PBXSourcesBuildPhase;
			buildActionMask = 2147483647;
			files = (
				A409DD7019181B3B0062F955 /* Piece.m in Sources */,
				A4FFF5F418F2EC7300E50485 /* MusicLessonBookIIITests.m in Sources */,
			);
			runOnlyForDeploymentPostprocessing = 0;
		};
/* End PBXSourcesBuildPhase section */

/* Begin PBXTargetDependency section */
		A4FFF5EC18F2EC7200E50485 /* PBXTargetDependency */ = {
			isa = PBXTargetDependency;
			target = A4FFF5B818F2EC7100E50485 /* MusicLessonBookIII */;
			targetProxy = A4FFF5EB18F2EC7200E50485 /* PBXContainerItemProxy */;
		};
/* End PBXTargetDependency section */

/* Begin PBXVariantGroup section */
		A405A7BB18F330C5003F4595 /* Localizable.strings */ = {
			isa = PBXVariantGroup;
			children = (
				A405A7BA18F330C5003F4595 /* en */,
				A405A7BC18F330F3003F4595 /* es */,
			);
			name = Localizable.strings;
			sourceTree = "<group>";
		};
		A409DD521915A4520062F955 /* HeaderView.xib */ = {
			isa = PBXVariantGroup;
			children = (
				A409DD511915A4520062F955 /* Base */,
				A409DD541915A4740062F955 /* en */,
				A409DD561915A47B0062F955 /* es */,
			);
			name = HeaderView.xib;
			sourceTree = "<group>";
		};
		A4FFF5C718F2EC7200E50485 /* InfoPlist.strings */ = {
			isa = PBXVariantGroup;
			children = (
				A4FFF5C818F2EC7200E50485 /* en */,
				A405A7B718F33057003F4595 /* es */,
			);
			name = InfoPlist.strings;
			sourceTree = "<group>";
		};
		A4FFF5D018F2EC7200E50485 /* Main_iPhone.storyboard */ = {
			isa = PBXVariantGroup;
			children = (
				A4FFF5D118F2EC7200E50485 /* Base */,
				A405A7B518F33057003F4595 /* es */,
			);
			name = Main_iPhone.storyboard;
			sourceTree = "<group>";
		};
		A4FFF5D318F2EC7200E50485 /* Main_iPad.storyboard */ = {
			isa = PBXVariantGroup;
			children = (
				A4FFF5D418F2EC7200E50485 /* Base */,
				A405A7B618F33057003F4595 /* es */,
			);
			name = Main_iPad.storyboard;
			sourceTree = "<group>";
		};
		A4FFF5F018F2EC7200E50485 /* InfoPlist.strings */ = {
			isa = PBXVariantGroup;
			children = (
				A4FFF5F118F2EC7200E50485 /* en */,
				A405A7B818F33057003F4595 /* es */,
			);
			name = InfoPlist.strings;
			sourceTree = "<group>";
		};
/* End PBXVariantGroup section */

/* Begin XCBuildConfiguration section */
		A4FFF5F518F2EC7300E50485 /* Debug */ = {
			isa = XCBuildConfiguration;
			buildSettings = {
				ALWAYS_SEARCH_USER_PATHS = NO;
				CLANG_CXX_LANGUAGE_STANDARD = "gnu++0x";
				CLANG_CXX_LIBRARY = "libc++";
				CLANG_ENABLE_MODULES = YES;
				CLANG_ENABLE_OBJC_ARC = YES;
				CLANG_WARN_BOOL_CONVERSION = YES;
				CLANG_WARN_CONSTANT_CONVERSION = YES;
				CLANG_WARN_DIRECT_OBJC_ISA_USAGE = YES_ERROR;
				CLANG_WARN_EMPTY_BODY = YES;
				CLANG_WARN_ENUM_CONVERSION = YES;
				CLANG_WARN_INT_CONVERSION = YES;
				CLANG_WARN_OBJC_ROOT_CLASS = YES_ERROR;
				CLANG_WARN__DUPLICATE_METHOD_MATCH = YES;
				"CODE_SIGN_IDENTITY[sdk=iphoneos*]" = "iPhone Developer";
				COPY_PHASE_STRIP = NO;
				GCC_C_LANGUAGE_STANDARD = gnu99;
				GCC_DYNAMIC_NO_PIC = NO;
				GCC_OPTIMIZATION_LEVEL = 0;
				GCC_PREPROCESSOR_DEFINITIONS = (
					"DEBUG=1",
					"$(inherited)",
				);
				GCC_SYMBOLS_PRIVATE_EXTERN = NO;
				GCC_WARN_64_TO_32_BIT_CONVERSION = YES;
				GCC_WARN_ABOUT_RETURN_TYPE = YES_ERROR;
				GCC_WARN_UNDECLARED_SELECTOR = YES;
				GCC_WARN_UNINITIALIZED_AUTOS = YES_AGGRESSIVE;
				GCC_WARN_UNUSED_FUNCTION = YES;
				GCC_WARN_UNUSED_VARIABLE = YES;
				IPHONEOS_DEPLOYMENT_TARGET = 7.1;
				ONLY_ACTIVE_ARCH = YES;
				SDKROOT = iphoneos;
				TARGETED_DEVICE_FAMILY = "1,2";
			};
			name = Debug;
		};
		A4FFF5F618F2EC7300E50485 /* Release */ = {
			isa = XCBuildConfiguration;
			buildSettings = {
				ALWAYS_SEARCH_USER_PATHS = NO;
				CLANG_CXX_LANGUAGE_STANDARD = "gnu++0x";
				CLANG_CXX_LIBRARY = "libc++";
				CLANG_ENABLE_MODULES = YES;
				CLANG_ENABLE_OBJC_ARC = YES;
				CLANG_WARN_BOOL_CONVERSION = YES;
				CLANG_WARN_CONSTANT_CONVERSION = YES;
				CLANG_WARN_DIRECT_OBJC_ISA_USAGE = YES_ERROR;
				CLANG_WARN_EMPTY_BODY = YES;
				CLANG_WARN_ENUM_CONVERSION = YES;
				CLANG_WARN_INT_CONVERSION = YES;
				CLANG_WARN_OBJC_ROOT_CLASS = YES_ERROR;
				CLANG_WARN__DUPLICATE_METHOD_MATCH = YES;
				"CODE_SIGN_IDENTITY[sdk=iphoneos*]" = "iPhone Developer";
				COPY_PHASE_STRIP = YES;
				ENABLE_NS_ASSERTIONS = NO;
				GCC_C_LANGUAGE_STANDARD = gnu99;
				GCC_WARN_64_TO_32_BIT_CONVERSION = YES;
				GCC_WARN_ABOUT_RETURN_TYPE = YES_ERROR;
				GCC_WARN_UNDECLARED_SELECTOR = YES;
				GCC_WARN_UNINITIALIZED_AUTOS = YES_AGGRESSIVE;
				GCC_WARN_UNUSED_FUNCTION = YES;
				GCC_WARN_UNUSED_VARIABLE = YES;
				IPHONEOS_DEPLOYMENT_TARGET = 7.1;
				SDKROOT = iphoneos;
				TARGETED_DEVICE_FAMILY = "1,2";
				VALIDATE_PRODUCT = YES;
			};
			name = Release;
		};
		A4FFF5F818F2EC7300E50485 /* Debug */ = {
			isa = XCBuildConfiguration;
			buildSettings = {
				ASSETCATALOG_COMPILER_APPICON_NAME = AppIcon;
				ASSETCATALOG_COMPILER_LAUNCHIMAGE_NAME = LaunchImage;
				CODE_SIGN_ENTITLEMENTS = MusicLessonBookIII/MusicLessonBookIII.entitlements;
				CODE_SIGN_IDENTITY = "iPhone Developer";
				"CODE_SIGN_IDENTITY[sdk=iphoneos*]" = "iPhone Developer";
				FRAMEWORK_SEARCH_PATHS = (
					"$(inherited)",
					"$(PROJECT_DIR)",
				);
				GCC_PRECOMPILE_PREFIX_HEADER = YES;
				GCC_PREFIX_HEADER = "MusicLessonBookIII/MusicLessonBookIII-Prefix.pch";
				INFOPLIST_FILE = "MusicLessonBookIII/MusicLessonBookIII-Info.plist";
				PRODUCT_NAME = "$(TARGET_NAME)";
				PROVISIONING_PROFILE = "";
				WRAPPER_EXTENSION = app;
			};
			name = Debug;
		};
		A4FFF5F918F2EC7300E50485 /* Release */ = {
			isa = XCBuildConfiguration;
			buildSettings = {
				ASSETCATALOG_COMPILER_APPICON_NAME = AppIcon;
				ASSETCATALOG_COMPILER_LAUNCHIMAGE_NAME = LaunchImage;
				CODE_SIGN_ENTITLEMENTS = MusicLessonBookIII/MusicLessonBookIII.entitlements;
				CODE_SIGN_IDENTITY = "iPhone Developer";
				"CODE_SIGN_IDENTITY[sdk=iphoneos*]" = "iPhone Developer";
				FRAMEWORK_SEARCH_PATHS = (
					"$(inherited)",
					"$(PROJECT_DIR)",
				);
				GCC_PRECOMPILE_PREFIX_HEADER = YES;
				GCC_PREFIX_HEADER = "MusicLessonBookIII/MusicLessonBookIII-Prefix.pch";
				INFOPLIST_FILE = "MusicLessonBookIII/MusicLessonBookIII-Info.plist";
				PRODUCT_NAME = "$(TARGET_NAME)";
				PROVISIONING_PROFILE = "";
				WRAPPER_EXTENSION = app;
			};
			name = Release;
		};
		A4FFF5FB18F2EC7300E50485 /* Debug */ = {
			isa = XCBuildConfiguration;
			buildSettings = {
				BUNDLE_LOADER = "$(BUILT_PRODUCTS_DIR)/MusicLessonBookIII.app/MusicLessonBookIII";
				FRAMEWORK_SEARCH_PATHS = (
					"$(SDKROOT)/Developer/Library/Frameworks",
					"$(inherited)",
					"$(DEVELOPER_FRAMEWORKS_DIR)",
					"$(PROJECT_DIR)",
				);
				GCC_PRECOMPILE_PREFIX_HEADER = YES;
				GCC_PREFIX_HEADER = "MusicLessonBookIII/MusicLessonBookIII-Prefix.pch";
				GCC_PREPROCESSOR_DEFINITIONS = (
					"DEBUG=1",
					"$(inherited)",
				);
				INFOPLIST_FILE = "MusicLessonBookIIITests/MusicLessonBookIIITests-Info.plist";
				LIBRARY_SEARCH_PATHS = (
					"$(inherited)",
					"$(PROJECT_DIR)/MusicLessonBookIII",
				);
				OTHER_LDFLAGS = (
					"$(inherited)",
					"-framework",
					XCTest,
					"-ObjC",
				);
				PRODUCT_NAME = "$(TARGET_NAME)";
				TEST_HOST = "$(BUNDLE_LOADER)";
				WRAPPER_EXTENSION = xctest;
			};
			name = Debug;
		};
		A4FFF5FC18F2EC7300E50485 /* Release */ = {
			isa = XCBuildConfiguration;
			buildSettings = {
				BUNDLE_LOADER = "$(BUILT_PRODUCTS_DIR)/MusicLessonBookIII.app/MusicLessonBookIII";
				FRAMEWORK_SEARCH_PATHS = (
					"$(SDKROOT)/Developer/Library/Frameworks",
					"$(inherited)",
					"$(DEVELOPER_FRAMEWORKS_DIR)",
					"$(PROJECT_DIR)",
				);
				GCC_PRECOMPILE_PREFIX_HEADER = YES;
				GCC_PREFIX_HEADER = "MusicLessonBookIII/MusicLessonBookIII-Prefix.pch";
				INFOPLIST_FILE = "MusicLessonBookIIITests/MusicLessonBookIIITests-Info.plist";
				LIBRARY_SEARCH_PATHS = (
					"$(inherited)",
					"$(PROJECT_DIR)/MusicLessonBookIII",
				);
				OTHER_LDFLAGS = (
					"$(inherited)",
					"-framework",
					XCTest,
					"-ObjC",
				);
				PRODUCT_NAME = "$(TARGET_NAME)";
				TEST_HOST = "$(BUNDLE_LOADER)";
				WRAPPER_EXTENSION = xctest;
			};
			name = Release;
		};
/* End XCBuildConfiguration section */

/* Begin XCConfigurationList section */
		A4FFF5B418F2EC7100E50485 /* Build configuration list for PBXProject "MusicLessonBookIII" */ = {
			isa = XCConfigurationList;
			buildConfigurations = (
				A4FFF5F518F2EC7300E50485 /* Debug */,
				A4FFF5F618F2EC7300E50485 /* Release */,
			);
			defaultConfigurationIsVisible = 0;
			defaultConfigurationName = Release;
		};
		A4FFF5F718F2EC7300E50485 /* Build configuration list for PBXNativeTarget "MusicLessonBookIII" */ = {
			isa = XCConfigurationList;
			buildConfigurations = (
				A4FFF5F818F2EC7300E50485 /* Debug */,
				A4FFF5F918F2EC7300E50485 /* Release */,
			);
			defaultConfigurationIsVisible = 0;
			defaultConfigurationName = Release;
		};
		A4FFF5FA18F2EC7300E50485 /* Build configuration list for PBXNativeTarget "MusicLessonBookIIITests" */ = {
			isa = XCConfigurationList;
			buildConfigurations = (
				A4FFF5FB18F2EC7300E50485 /* Debug */,
				A4FFF5FC18F2EC7300E50485 /* Release */,
			);
			defaultConfigurationIsVisible = 0;
			defaultConfigurationName = Release;
		};
/* End XCConfigurationList section */

/* Begin XCVersionGroup section */
		A4FFF5D618F2EC7200E50485 /* MusicLessonBookIII.xcdatamodeld */ = {
			isa = XCVersionGroup;
			children = (
				A4FFF5D718F2EC7200E50485 /* MusicLessonBookIII.xcdatamodel */,
			);
			currentVersion = A4FFF5D718F2EC7200E50485 /* MusicLessonBookIII.xcdatamodel */;
			path = MusicLessonBookIII.xcdatamodeld;
			sourceTree = "<group>";
			versionGroupType = wrapper.xcdatamodel;
		};
/* End XCVersionGroup section */
	};
	rootObject = A4FFF5B118F2EC7100E50485 /* Project object */;
}
